
Microsoft Visual Studio Solution File, Format Version 12.00
# Visual Studio Version 16
VisualStudioVersion = 16.0.32802.440
MinimumVisualStudioVersion = 10.0.40219.1
Project("{FAE04EC0-301F-11D3-BF4B-00C04F79EFBC}") = "Saritasa.Tools.RequestHandlersAnalyzer", "Saritasa.Tools.RequestHandlersAnalyzer\Saritasa.Tools.RequestHandlersAnalyzer\Saritasa.Tools.RequestHandlersAnalyzer.csproj", "{6F99834F-0E0D-453D-849F-0ED668FE73E2}"
EndProject
Project("{FAE04EC0-301F-11D3-BF4B-00C04F79EFBC}") = "Saritasa.Tools.RequestHandlersAnalyzer.CodeFixes", "Saritasa.Tools.RequestHandlersAnalyzer\Saritasa.Tools.RequestHandlersAnalyzer.CodeFixes\Saritasa.Tools.RequestHandlersAnalyzer.CodeFixes.csproj", "{847D889D-9C5F-4651-A28F-2D082B8513FA}"
EndProject
Project("{FAE04EC0-301F-11D3-BF4B-00C04F79EFBC}") = "Saritasa.Tools.RequestHandlersAnalyzer.Package", "Saritasa.Tools.RequestHandlersAnalyzer\Saritasa.Tools.RequestHandlersAnalyzer.Package\Saritasa.Tools.RequestHandlersAnalyzer.Package.csproj", "{8831313D-2052-4B67-A981-E9D78839F98C}"
EndProject
Project("{FAE04EC0-301F-11D3-BF4B-00C04F79EFBC}") = "Saritasa.Tools.RequestHandlersAnalyzer.Test", "Saritasa.Tools.RequestHandlersAnalyzer\Saritasa.Tools.RequestHandlersAnalyzer.Test\Saritasa.Tools.RequestHandlersAnalyzer.Test.csproj", "{5744B92F-F7AD-48BA-AADF-FAAF808B2B4B}"
EndProject
Project("{FAE04EC0-301F-11D3-BF4B-00C04F79EFBC}") = "Saritasa.Tools.RequestHandlersAnalyzer.Vsix", "Saritasa.Tools.RequestHandlersAnalyzer\Saritasa.Tools.RequestHandlersAnalyzer.Vsix\Saritasa.Tools.RequestHandlersAnalyzer.Vsix.csproj", "{5BBFCDA7-3FE1-4779-9A13-D8A678966E46}"
EndProject
Global
	GlobalSection(SolutionConfigurationPlatforms) = preSolution
		Debug|Any CPU = Debug|Any CPU
		Release|Any CPU = Release|Any CPU
	EndGlobalSection
	GlobalSection(ProjectConfigurationPlatforms) = postSolution
		{6F99834F-0E0D-453D-849F-0ED668FE73E2}.Debug|Any CPU.ActiveCfg = Debug|Any CPU
		{6F99834F-0E0D-453D-849F-0ED668FE73E2}.Debug|Any CPU.Build.0 = Debug|Any CPU
		{6F99834F-0E0D-453D-849F-0ED668FE73E2}.Release|Any CPU.ActiveCfg = Release|Any CPU
		{6F99834F-0E0D-453D-849F-0ED668FE73E2}.Release|Any CPU.Build.0 = Release|Any CPU
		{847D889D-9C5F-4651-A28F-2D082B8513FA}.Debug|Any CPU.ActiveCfg = Debug|Any CPU
		{847D889D-9C5F-4651-A28F-2D082B8513FA}.Debug|Any CPU.Build.0 = Debug|Any CPU
		{847D889D-9C5F-4651-A28F-2D082B8513FA}.Release|Any CPU.ActiveCfg = Release|Any CPU
		{847D889D-9C5F-4651-A28F-2D082B8513FA}.Release|Any CPU.Build.0 = Release|Any CPU
		{8831313D-2052-4B67-A981-E9D78839F98C}.Debug|Any CPU.ActiveCfg = Debug|Any CPU
		{8831313D-2052-4B67-A981-E9D78839F98C}.Debug|Any CPU.Build.0 = Debug|Any CPU
		{8831313D-2052-4B67-A981-E9D78839F98C}.Release|Any CPU.ActiveCfg = Release|Any CPU
		{8831313D-2052-4B67-A981-E9D78839F98C}.Release|Any CPU.Build.0 = Release|Any CPU
		{5744B92F-F7AD-48BA-AADF-FAAF808B2B4B}.Debug|Any CPU.ActiveCfg = Debug|Any CPU
		{5744B92F-F7AD-48BA-AADF-FAAF808B2B4B}.Debug|Any CPU.Build.0 = Debug|Any CPU
		{5744B92F-F7AD-48BA-AADF-FAAF808B2B4B}.Release|Any CPU.ActiveCfg = Release|Any CPU
		{5744B92F-F7AD-48BA-AADF-FAAF808B2B4B}.Release|Any CPU.Build.0 = Release|Any CPU
		{5BBFCDA7-3FE1-4779-9A13-D8A678966E46}.Debug|Any CPU.ActiveCfg = Debug|Any CPU
		{5BBFCDA7-3FE1-4779-9A13-D8A678966E46}.Debug|Any CPU.Build.0 = Debug|Any CPU
		{5BBFCDA7-3FE1-4779-9A13-D8A678966E46}.Release|Any CPU.ActiveCfg = Release|Any CPU
		{5BBFCDA7-3FE1-4779-9A13-D8A678966E46}.Release|Any CPU.Build.0 = Release|Any CPU
	EndGlobalSection
	GlobalSection(SolutionProperties) = preSolution
		HideSolutionNode = FALSE
	EndGlobalSection
	GlobalSection(ExtensibilityGlobals) = postSolution
		SolutionGuid = {30746F0F-183A-4D8E-8E0A-A9559E9BAA7A}
	EndGlobalSection
EndGlobal
